
Microsoft Visual Studio Solution File, Format Version 12.00
# Visual Studio 15
VisualStudioVersion = 15.0.28307.421
MinimumVisualStudioVersion = 10.0.40219.1
Project("{FAE04EC0-301F-11D3-BF4B-00C04F79EFBC}") = "TOSS UPGRADE", "TOSS UPGRADE\TOSS UPGRADE.csproj", "{02C6A74E-E547-470E-BB36-92D2A252C558}"
EndProject
Global
	GlobalSection(SolutionConfigurationPlatforms) = preSolution
		Debug|Any CPU = Debug|Any CPU
		Release|Any CPU = Release|Any CPU
	EndGlobalSection
	GlobalSection(ProjectConfigurationPlatforms) = postSolution
		{02C6A74E-E547-470E-BB36-92D2A252C558}.Debug|Any CPU.ActiveCfg = Debug|Any CPU
		{02C6A74E-E547-470E-BB36-92D2A252C558}.Debug|Any CPU.Build.0 = Debug|Any CPU
		{02C6A74E-E547-470E-BB36-92D2A252C558}.Release|Any CPU.ActiveCfg = Release|Any CPU
		{02C6A74E-E547-470E-BB36-92D2A252C558}.Release|Any CPU.Build.0 = Release|Any CPU
	EndGlobalSection
	GlobalSection(SolutionProperties) = preSolution
		HideSolutionNode = FALSE
	EndGlobalSection
	GlobalSection(ExtensibilityGlobals) = postSolution
		SolutionGuid = {A95138B5-A766-4B18-AB78-BEFAD66F3BB9}
	EndGlobalSection
EndGlobal
